
Microsoft Visual Studio Solution File, Format Version 12.00
# Visual Studio 2013
VisualStudioVersion = 12.0.40629.0
MinimumVisualStudioVersion = 10.0.40219.1
Project("{E24C65DC-7377-472B-9ABA-BC803B73C61A}") = "thinkplus.github.io", ".", "{B73B0389-8606-4690-A558-6895464BB91A}"
	ProjectSection(WebsiteProperties) = preProject
		TargetFrameworkMoniker = ".NETFramework,Version%3Dv4.0"
		Debug.AspNetCompiler.VirtualPath = "/localhost_51855"
		Debug.AspNetCompiler.PhysicalPath = "..\thinkplus.github.io\"
		Debug.AspNetCompiler.TargetPath = "PrecompiledWeb\localhost_51855\"
		Debug.AspNetCompiler.Updateable = "true"
		Debug.AspNetCompiler.ForceOverwrite = "true"
		Debug.AspNetCompiler.FixedNames = "false"
		Debug.AspNetCompiler.Debug = "True"
		Release.AspNetCompiler.VirtualPath = "/localhost_51855"
		Release.AspNetCompiler.PhysicalPath = "..\thinkplus.github.io\"
		Release.AspNetCompiler.TargetPath = "PrecompiledWeb\localhost_51855\"
		Release.AspNetCompiler.Updateable = "true"
		Release.AspNetCompiler.ForceOverwrite = "true"
		Release.AspNetCompiler.FixedNames = "false"
		Release.AspNetCompiler.Debug = "False"
		VWDPort = "51855"
		SlnRelativePath = "..\thinkplus.github.io\"
	EndProjectSection
EndProject
Global
	GlobalSection(SolutionConfigurationPlatforms) = preSolution
		Debug|Any CPU = Debug|Any CPU
	EndGlobalSection
	GlobalSection(ProjectConfigurationPlatforms) = postSolution
		{B73B0389-8606-4690-A558-6895464BB91A}.Debug|Any CPU.ActiveCfg = Debug|Any CPU
		{B73B0389-8606-4690-A558-6895464BB91A}.Debug|Any CPU.Build.0 = Debug|Any CPU
	EndGlobalSection
	GlobalSection(SolutionProperties) = preSolution
		HideSolutionNode = FALSE
	EndGlobalSection
EndGlobal
